// !$*UTF8*$!
{
	archiveVersion = 1;
	classes = {
	};
	objectVersion = 46;
	objects = {

/* Begin PBXBuildFile section */
		A068C1761C41DA5E004F7C18 /* btn.wav in Resources */ = {isa = PBXBuildFile; fileRef = A068C1751C41DA5E004F7C18 /* btn.wav */; settings = {ASSET_TAGS = (); }; };
		BF25AFEE1C3890D200A4CD02 /* AppDelegate.swift in Sources */ = {isa = PBXBuildFile; fileRef = BF25AFED1C3890D200A4CD02 /* AppDelegate.swift */; };
		BF25AFF01C3890D200A4CD02 /* ViewController.swift in Sources */ = {isa = PBXBuildFile; fileRef = BF25AFEF1C3890D200A4CD02 /* ViewController.swift */; };
		BF25AFF31C3890D200A4CD02 /* Main.storyboard in Resources */ = {isa = PBXBuildFile; fileRef = BF25AFF11C3890D200A4CD02 /* Main.storyboard */; };
		BF25AFF51C3890D200A4CD02 /* Assets.xcassets in Resources */ = {isa = PBXBuildFile; fileRef = BF25AFF41C3890D200A4CD02 /* Assets.xcassets */; };
		BF25AFF81C3890D200A4CD02 /* LaunchScreen.storyboard in Resources */ = {isa = PBXBuildFile; fileRef = BF25AFF61C3890D200A4CD02 /* LaunchScreen.storyboard */; };
		BF25B0001C38A02A00A4CD02 /* Minecraft.ttf in Resources */ = {isa = PBXBuildFile; fileRef = BF25AFFF1C38A02A00A4CD02 /* Minecraft.ttf */; settings = {ASSET_TAGS = (); }; };
/* End PBXBuildFile section */

/* Begin PBXFileReference section */
		A068C1751C41DA5E004F7C18 /* btn.wav */ = {isa = PBXFileReference; lastKnownFileType = audio.wav; path = btn.wav; sourceTree = "<group>"; };
		BF25AFEA1C3890D200A4CD02 /* RetroCalculator.app */ = {isa = PBXFileReference; explicitFileType = wrapper.application; includeInIndex = 0; path = RetroCalculator.app; sourceTree = BUILT_PRODUCTS_DIR; };
		BF25AFED1C3890D200A4CD02 /* AppDelegate.swift */ = {isa = PBXFileReference; lastKnownFileType = sourcecode.swift; path = AppDelegate.swift; sourceTree = "<group>"; };
		BF25AFEF1C3890D200A4CD02 /* ViewController.swift */ = {isa = PBXFileReference; lastKnownFileType = sourcecode.swift; path = ViewController.swift; sourceTree = "<group>"; };
		BF25AFF21C3890D200A4CD02 /* Base */ = {isa = PBXFileReference; lastKnownFileType = file.storyboard; name = Base; path = Base.lproj/Main.storyboard; sourceTree = "<group>"; };
		BF25AFF41C3890D200A4CD02 /* Assets.xcassets */ = {isa = PBXFileReference; lastKnownFileType = folder.assetcatalog; path = Assets.xcassets; sourceTree = "<group>"; };
		BF25AFF71C3890D200A4CD02 /* Base */ = {isa = PBXFileReference; lastKnownFileType = file.storyboard; name = Base; path = Base.lproj/LaunchScreen.storyboard; sourceTree = "<group>"; };
		BF25AFF91C3890D200A4CD02 /* Info.plist */ = {isa = PBXFileReference; lastKnownFileType = text.plist.xml; path = Info.plist; sourceTree = "<group>"; };
		BF25AFFF1C38A02A00A4CD02 /* Minecraft.ttf */ = {isa = PBXFileReference; lastKnownFileType = file; path = Minecraft.ttf; sourceTree = "<group>"; };
/* End PBXFileReference section */

/* Begin PBXFrameworksBuildPhase section */
		BF25AFE71C3890D200A4CD02 /* Frameworks */ = {
			isa = PBXFrameworksBuildPhase;
			buildActionMask = 2147483647;
			files = (
			);
			runOnlyForDeploymentPostprocessing = 0;
		};
/* End PBXFrameworksBuildPhase section */

/* Begin PBXGroup section */
		BF25AFE11C3890D100A4CD02 = {
			isa = PBXGroup;
			children = (
				BF25AFFF1C38A02A00A4CD02 /* Minecraft.ttf */,
				A068C1751C41DA5E004F7C18 /* btn.wav */,
				BF25AFEC1C3890D200A4CD02 /* RetroCalculator */,
				BF25AFEB1C3890D200A4CD02 /* Products */,
			);
			sourceTree = "<group>";
		};
		BF25AFEB1C3890D200A4CD02 /* Products */ = {
			isa = PBXGroup;
			children = (
				BF25AFEA1C3890D200A4CD02 /* RetroCalculator.app */,
			);
			name = Products;
			sourceTree = "<group>";
		};
		BF25AFEC1C3890D200A4CD02 /* RetroCalculator */ = {
			isa = PBXGroup;
			children = (
				BF25AFED1C3890D200A4CD02 /* AppDelegate.swift */,
				BF25AFEF1C3890D200A4CD02 /* ViewController.swift */,
				BF25AFF11C3890D200A4CD02 /* Main.storyboard */,
				BF25AFF41C3890D200A4CD02 /* Assets.xcassets */,
				BF25AFF61C3890D200A4CD02 /* LaunchScreen.storyboard */,
				BF25AFF91C3890D200A4CD02 /* Info.plist */,
			);
			path = RetroCalculator;
			sourceTree = "<group>";
		};
/* End PBXGroup section */

/* Begin PBXNativeTarget section */
		BF25AFE91C3890D200A4CD02 /* RetroCalculator */ = {
			isa = PBXNativeTarget;
			buildConfigurationList = BF25AFFC1C3890D200A4CD02 /* Build configuration list for PBXNativeTarget "RetroCalculator" */;
			buildPhases = (
				BF25AFE61C3890D200A4CD02 /* Sources */,
				BF25AFE71C3890D200A4CD02 /* Frameworks */,
				BF25AFE81C3890D200A4CD02 /* Resources */,
			);
			buildRules = (
			);
			dependencies = (
			);
			name = RetroCalculator;
			productName = RetroCalculator;
			productReference = BF25AFEA1C3890D200A4CD02 /* RetroCalculator.app */;
			productType = "com.apple.product-type.application";
		};
/* End PBXNativeTarget section */

/* Begin PBXProject section */
		BF25AFE21C3890D200A4CD02 /* Project object */ = {
			isa = PBXProject;
			attributes = {
				LastUpgradeCheck = 0700;
				ORGANIZATIONNAME = "michael fenech";
				TargetAttributes = {
					BF25AFE91C3890D200A4CD02 = {
						CreatedOnToolsVersion = 7.0;
					};
				};
			};
			buildConfigurationList = BF25AFE51C3890D200A4CD02 /* Build configuration list for PBXProject "RetroCalculator" */;
			compatibilityVersion = "Xcode 3.2";
			developmentRegion = English;
			hasScannedForEncodings = 0;
			knownRegions = (
				en,
				Base,
			);
			mainGroup = BF25AFE11C3890D100A4CD02;
			productRefGroup = BF25AFEB1C3890D200A4CD02 /* Products */;
			projectDirPath = "";
			projectRoot = "";
			targets = (
				BF25AFE91C3890D200A4CD02 /* RetroCalculator */,
			);
		};
/* End PBXProject section */

/* Begin PBXResourcesBuildPhase section */
		BF25AFE81C3890D200A4CD02 /* Resources */ = {
			isa = PBXResourcesBuildPhase;
			buildActionMask = 2147483647;
			files = (
				A068C1761C41DA5E004F7C18 /* btn.wav in Resources */,
				BF25AFF81C3890D200A4CD02 /* LaunchScreen.storyboard in Resources */,
				BF25AFF51C3890D200A4CD02 /* Assets.xcassets in Resources */,
				BF25B0001C38A02A00A4CD02 /* Minecraft.ttf in Resources */,
				BF25AFF31C3890D200A4CD02 /* Main.storyboard in Resources */,
			);
			runOnlyForDeploymentPostprocessing = 0;
		};
/* End PBXResourcesBuildPhase section */

/* Begin PBXSourcesBuildPhase section */
		BF25AFE61C3890D200A4CD02 /* Sources */ = {
			isa = PBXSourcesBuildPhase;
			buildActionMask = 2147483647;
			files = (
				BF25AFF01C3890D200A4CD02 /* ViewController.swift in Sources */,
				BF25AFEE1C3890D200A4CD02 /* AppDelegate.swift in Sources */,
			);
			runOnlyForDeploymentPostprocessing = 0;
		};
/* End PBXSourcesBuildPhase section */

/* Begin PBXVariantGroup section */
		BF25AFF11C3890D200A4CD02 /* Main.storyboard */ = {
			isa = PBXVariantGroup;
			children = (
				BF25AFF21C3890D200A4CD02 /* Base */,
			);
			name = Main.storyboard;
			sourceTree = "<group>";
		};
		BF25AFF61C3890D200A4CD02 /* LaunchScreen.storyboard */ = {
			isa = PBXVariantGroup;
			children = (
				BF25AFF71C3890D200A4CD02 /* Base */,
			);
			name = LaunchScreen.storyboard;
			sourceTree = "<group>";
		};
/* End PBXVariantGroup section */

/* Begin XCBuildConfiguration section */
		BF25AFFA1C3890D200A4CD02 /* Debug */ = {
			isa = XCBuildConfiguration;
			buildSettings = {
				ALWAYS_SEARCH_USER_PATHS = NO;
				CLANG_CXX_LANGUAGE_STANDARD = "gnu++0x";
				CLANG_CXX_LIBRARY = "libc++";
				CLANG_ENABLE_MODULES = YES;
				CLANG_ENABLE_OBJC_ARC = YES;
				CLANG_WARN_BOOL_CONVERSION = YES;
				CLANG_WARN_CONSTANT_CONVERSION = YES;
				CLANG_WARN_DIRECT_OBJC_ISA_USAGE = YES_ERROR;
				CLANG_WARN_EMPTY_BODY = YES;
				CLANG_WARN_ENUM_CONVERSION = YES;
				CLANG_WARN_INT_CONVERSION = YES;
				CLANG_WARN_OBJC_ROOT_CLASS = YES_ERROR;
				CLANG_WARN_UNREACHABLE_CODE = YES;
				CLANG_WARN__DUPLICATE_METHOD_MATCH = YES;
				"CODE_SIGN_IDENTITY[sdk=iphoneos*]" = "iPhone Developer";
				COPY_PHASE_STRIP = NO;
				DEBUG_INFORMATION_FORMAT = dwarf;
				ENABLE_STRICT_OBJC_MSGSEND = YES;
				ENABLE_TESTABILITY = YES;
				GCC_C_LANGUAGE_STANDARD = gnu99;
				GCC_DYNAMIC_NO_PIC = NO;
				GCC_NO_COMMON_BLOCKS = YES;
				GCC_OPTIMIZATION_LEVEL = 0;
				GCC_PREPROCESSOR_DEFINITIONS = (
					"DEBUG=1",
					"$(inherited)",
				);
				GCC_WARN_64_TO_32_BIT_CONVERSION = YES;
				GCC_WARN_ABOUT_RETURN_TYPE = YES_ERROR;
				GCC_WARN_UNDECLARED_SELECTOR = YES;
				GCC_WARN_UNINITIALIZED_AUTOS = YES_AGGRESSIVE;
				GCC_WARN_UNUSED_FUNCTION = YES;
				GCC_WARN_UNUSED_VARIABLE = YES;
				IPHONEOS_DEPLOYMENT_TARGET = 9.0;
				MTL_ENABLE_DEBUG_INFO = YES;
				ONLY_ACTIVE_ARCH = YES;
				SDKROOT = iphoneos;
				SWIFT_OPTIMIZATION_LEVEL = "-Onone";
			};
			name = Debug;
		};
		BF25AFFB1C3890D200A4CD02 /* Release */ = {
			isa = XCBuildConfiguration;
			buildSettings = {
				ALWAYS_SEARCH_USER_PATHS = NO;
				CLANG_CXX_LANGUAGE_STANDARD = "gnu++0x";
				CLANG_CXX_LIBRARY = "libc++";
				CLANG_ENABLE_MODULES = YES;
				CLANG_ENABLE_OBJC_ARC = YES;
				CLANG_WARN_BOOL_CONVERSION = YES;
				CLANG_WARN_CONSTANT_CONVERSION = YES;
				CLANG_WARN_DIRECT_OBJC_ISA_USAGE = YES_ERROR;
				CLANG_WARN_EMPTY_BODY = YES;
				CLANG_WARN_ENUM_CONVERSION = YES;
				CLANG_WARN_INT_CONVERSION = YES;
				CLANG_WARN_OBJC_ROOT_CLASS = YES_ERROR;
				CLANG_WARN_UNREACHABLE_CODE = YES;
				CLANG_WARN__DUPLICATE_METHOD_MATCH = YES;
				"CODE_SIGN_IDENTITY[sdk=iphoneos*]" = "iPhone Developer";
				COPY_PHASE_STRIP = NO;
				DEBUG_INFORMATION_FORMAT = "dwarf-with-dsym";
				ENABLE_NS_ASSERTIONS = NO;
				ENABLE_STRICT_OBJC_MSGSEND = YES;
				GCC_C_LANGUAGE_STANDARD = gnu99;
				GCC_NO_COMMON_BLOCKS = YES;
				GCC_WARN_64_TO_32_BIT_CONVERSION = YES;
				GCC_WARN_ABOUT_RETURN_TYPE = YES_ERROR;
				GCC_WARN_UNDECLARED_SELECTOR = YES;
				GCC_WARN_UNINITIALIZED_AUTOS = YES_AGGRESSIVE;
				GCC_WARN_UNUSED_FUNCTION = YES;
				GCC_WARN_UNUSED_VARIABLE = YES;
				IPHONEOS_DEPLOYMENT_TARGET = 9.0;
				MTL_ENABLE_DEBUG_INFO = NO;
				SDKROOT = iphoneos;
				VALIDATE_PRODUCT = YES;
			};
			name = Release;
		};
		BF25AFFD1C3890D200A4CD02 /* Debug */ = {
			isa = XCBuildConfiguration;
			buildSettings = {
				ASSETCATALOG_COMPILER_APPICON_NAME = AppIcon;
				INFOPLIST_FILE = RetroCalculator/Info.plist;
				LD_RUNPATH_SEARCH_PATHS = "$(inherited) @executable_path/Frameworks";
				PRODUCT_BUNDLE_IDENTIFIER = com.devslopes.RetroCalculator;
				PRODUCT_NAME = "$(TARGET_NAME)";
			};
			name = Debug;
		};
		BF25AFFE1C3890D200A4CD02 /* Release */ = {
			isa = XCBuildConfiguration;
			buildSettings = {
				ASSETCATALOG_COMPILER_APPICON_NAME = AppIcon;
				INFOPLIST_FILE = RetroCalculator/Info.plist;
				LD_RUNPATH_SEARCH_PATHS = "$(inherited) @executable_path/Frameworks";
				PRODUCT_BUNDLE_IDENTIFIER = com.devslopes.RetroCalculator;
				PRODUCT_NAME = "$(TARGET_NAME)";
			};
			name = Release;
		};
/* End XCBuildConfiguration section */

/* Begin XCConfigurationList section */
		BF25AFE51C3890D200A4CD02 /* Build configuration list for PBXProject "RetroCalculator" */ = {
			isa = XCConfigurationList;
			buildConfigurations = (
				BF25AFFA1C3890D200A4CD02 /* Debug */,
				BF25AFFB1C3890D200A4CD02 /* Release */,
			);
			defaultConfigurationIsVisible = 0;
			defaultConfigurationName = Release;
		};
		BF25AFFC1C3890D200A4CD02 /* Build configuration list for PBXNativeTarget "RetroCalculator" */ = {
			isa = XCConfigurationList;
			buildConfigurations = (
				BF25AFFD1C3890D200A4CD02 /* Debug */,
				BF25AFFE1C3890D200A4CD02 /* Release */,
			);
			defaultConfigurationIsVisible = 0;
			defaultConfigurationName = Release;
		};
/* End XCConfigurationList section */
	};
	rootObject = BF25AFE21C3890D200A4CD02 /* Project object */;
}
